// !$*UTF8*$!
{
	archiveVersion = 1;
	classes = {
	};
	objectVersion = 46;
	objects = {

/* Begin PBXBuildFile section */
		9BE3CD8619F357FA00207C72 /* AppDelegate.swift in Sources */ = {isa = PBXBuildFile; fileRef = 9BE3CD8519F357FA00207C72 /* AppDelegate.swift */; };
		9BE3CD8919F357FA00207C72 /* weixin.xcdatamodeld in Sources */ = {isa = PBXBuildFile; fileRef = 9BE3CD8719F357FA00207C72 /* weixin.xcdatamodeld */; };
		9BE3CD8B19F357FA00207C72 /* ViewController.swift in Sources */ = {isa = PBXBuildFile; fileRef = 9BE3CD8A19F357FA00207C72 /* ViewController.swift */; };
		9BE3CD8E19F357FA00207C72 /* Main.storyboard in Resources */ = {isa = PBXBuildFile; fileRef = 9BE3CD8C19F357FA00207C72 /* Main.storyboard */; };
		9BE3CD9019F357FA00207C72 /* Images.xcassets in Resources */ = {isa = PBXBuildFile; fileRef = 9BE3CD8F19F357FA00207C72 /* Images.xcassets */; };
		9BE3CD9319F357FA00207C72 /* LaunchScreen.xib in Resources */ = {isa = PBXBuildFile; fileRef = 9BE3CD9119F357FA00207C72 /* LaunchScreen.xib */; };
		9BE3CD9F19F357FA00207C72 /* weixinTests.swift in Sources */ = {isa = PBXBuildFile; fileRef = 9BE3CD9E19F357FA00207C72 /* weixinTests.swift */; };
/* End PBXBuildFile section */

/* Begin PBXContainerItemProxy section */
		9BE3CD9919F357FA00207C72 /* PBXContainerItemProxy */ = {
			isa = PBXContainerItemProxy;
			containerPortal = 9BE3CD7819F357FA00207C72 /* Project object */;
			proxyType = 1;
			remoteGlobalIDString = 9BE3CD7F19F357FA00207C72;
			remoteInfo = weixin;
		};
/* End PBXContainerItemProxy section */

/* Begin PBXFileReference section */
		9BE3CD8019F357FA00207C72 /* weixin.app */ = {isa = PBXFileReference; explicitFileType = wrapper.application; includeInIndex = 0; path = weixin.app; sourceTree = BUILT_PRODUCTS_DIR; };
		9BE3CD8419F357FA00207C72 /* Info.plist */ = {isa = PBXFileReference; lastKnownFileType = text.plist.xml; path = Info.plist; sourceTree = "<group>"; };
		9BE3CD8519F357FA00207C72 /* AppDelegate.swift */ = {isa = PBXFileReference; lastKnownFileType = sourcecode.swift; path = AppDelegate.swift; sourceTree = "<group>"; };
		9BE3CD8819F357FA00207C72 /* weixin.xcdatamodel */ = {isa = PBXFileReference; lastKnownFileType = wrapper.xcdatamodel; path = weixin.xcdatamodel; sourceTree = "<group>"; };
		9BE3CD8A19F357FA00207C72 /* ViewController.swift */ = {isa = PBXFileReference; lastKnownFileType = sourcecode.swift; path = ViewController.swift; sourceTree = "<group>"; };
		9BE3CD8D19F357FA00207C72 /* Base */ = {isa = PBXFileReference; lastKnownFileType = file.storyboard; name = Base; path = Base.lproj/Main.storyboard; sourceTree = "<group>"; };
		9BE3CD8F19F357FA00207C72 /* Images.xcassets */ = {isa = PBXFileReference; lastKnownFileType = folder.assetcatalog; path = Images.xcassets; sourceTree = "<group>"; };
		9BE3CD9219F357FA00207C72 /* Base */ = {isa = PBXFileReference; lastKnownFileType = file.xib; name = Base; path = Base.lproj/LaunchScreen.xib; sourceTree = "<group>"; };
		9BE3CD9819F357FA00207C72 /* weixinTests.xctest */ = {isa = PBXFileReference; explicitFileType = wrapper.cfbundle; includeInIndex = 0; path = weixinTests.xctest; sourceTree = BUILT_PRODUCTS_DIR; };
		9BE3CD9D19F357FA00207C72 /* Info.plist */ = {isa = PBXFileReference; lastKnownFileType = text.plist.xml; path = Info.plist; sourceTree = "<group>"; };
		9BE3CD9E19F357FA00207C72 /* weixinTests.swift */ = {isa = PBXFileReference; lastKnownFileType = sourcecode.swift; path = weixinTests.swift; sourceTree = "<group>"; };
/* End PBXFileReference section */

/* Begin PBXFrameworksBuildPhase section */
		9BE3CD7D19F357FA00207C72 /* Frameworks */ = {
			isa = PBXFrameworksBuildPhase;
			buildActionMask = 2147483647;
			files = (
			);
			runOnlyForDeploymentPostprocessing = 0;
		};
		9BE3CD9519F357FA00207C72 /* Frameworks */ = {
			isa = PBXFrameworksBuildPhase;
			buildActionMask = 2147483647;
			files = (
			);
			runOnlyForDeploymentPostprocessing = 0;
		};
/* End PBXFrameworksBuildPhase section */

/* Begin PBXGroup section */
		9BE3CD7719F357FA00207C72 = {
			isa = PBXGroup;
			children = (
				9BE3CD8219F357FA00207C72 /* weixin */,
				9BE3CD9B19F357FA00207C72 /* weixinTests */,
				9BE3CD8119F357FA00207C72 /* Products */,
			);
			sourceTree = "<group>";
		};
		9BE3CD8119F357FA00207C72 /* Products */ = {
			isa = PBXGroup;
			children = (
				9BE3CD8019F357FA00207C72 /* weixin.app */,
				9BE3CD9819F357FA00207C72 /* weixinTests.xctest */,
			);
			name = Products;
			sourceTree = "<group>";
		};
		9BE3CD8219F357FA00207C72 /* weixin */ = {
			isa = PBXGroup;
			children = (
				9BE3CD8519F357FA00207C72 /* AppDelegate.swift */,
				9BE3CD8A19F357FA00207C72 /* ViewController.swift */,
				9BE3CD8C19F357FA00207C72 /* Main.storyboard */,
				9BE3CD8F19F357FA00207C72 /* Images.xcassets */,
				9BE3CD9119F357FA00207C72 /* LaunchScreen.xib */,
				9BE3CD8719F357FA00207C72 /* weixin.xcdatamodeld */,
				9BE3CD8319F357FA00207C72 /* Supporting Files */,
			);
			path = weixin;
			sourceTree = "<group>";
		};
		9BE3CD8319F357FA00207C72 /* Supporting Files */ = {
			isa = PBXGroup;
			children = (
				9BE3CD8419F357FA00207C72 /* Info.plist */,
			);
			name = "Supporting Files";
			sourceTree = "<group>";
		};
		9BE3CD9B19F357FA00207C72 /* weixinTests */ = {
			isa = PBXGroup;
			children = (
				9BE3CD9E19F357FA00207C72 /* weixinTests.swift */,
				9BE3CD9C19F357FA00207C72 /* Supporting Files */,
			);
			path = weixinTests;
			sourceTree = "<group>";
		};
		9BE3CD9C19F357FA00207C72 /* Supporting Files */ = {
			isa = PBXGroup;
			children = (
				9BE3CD9D19F357FA00207C72 /* Info.plist */,
			);
			name = "Supporting Files";
			sourceTree = "<group>";
		};
/* End PBXGroup section */

/* Begin PBXNativeTarget section */
		9BE3CD7F19F357FA00207C72 /* weixin */ = {
			isa = PBXNativeTarget;
			buildConfigurationList = 9BE3CDA219F357FA00207C72 /* Build configuration list for PBXNativeTarget "weixin" */;
			buildPhases = (
				9BE3CD7C19F357FA00207C72 /* Sources */,
				9BE3CD7D19F357FA00207C72 /* Frameworks */,
				9BE3CD7E19F357FA00207C72 /* Resources */,
			);
			buildRules = (
			);
			dependencies = (
			);
			name = weixin;
			productName = weixin;
			productReference = 9BE3CD8019F357FA00207C72 /* weixin.app */;
			productType = "com.apple.product-type.application";
		};
		9BE3CD9719F357FA00207C72 /* weixinTests */ = {
			isa = PBXNativeTarget;
			buildConfigurationList = 9BE3CDA519F357FA00207C72 /* Build configuration list for PBXNativeTarget "weixinTests" */;
			buildPhases = (
				9BE3CD9419F357FA00207C72 /* Sources */,
				9BE3CD9519F357FA00207C72 /* Frameworks */,
				9BE3CD9619F357FA00207C72 /* Resources */,
			);
			buildRules = (
			);
			dependencies = (
				9BE3CD9A19F357FA00207C72 /* PBXTargetDependency */,
			);
			name = weixinTests;
			productName = weixinTests;
			productReference = 9BE3CD9819F357FA00207C72 /* weixinTests.xctest */;
			productType = "com.apple.product-type.bundle.unit-test";
		};
/* End PBXNativeTarget section */

/* Begin PBXProject section */
		9BE3CD7819F357FA00207C72 /* Project object */ = {
			isa = PBXProject;
			attributes = {
				LastUpgradeCheck = 0600;
				ORGANIZATIONNAME = riddick;
				TargetAttributes = {
					9BE3CD7F19F357FA00207C72 = {
						CreatedOnToolsVersion = 6.0.1;
					};
					9BE3CD9719F357FA00207C72 = {
						CreatedOnToolsVersion = 6.0.1;
						TestTargetID = 9BE3CD7F19F357FA00207C72;
					};
				};
			};
			buildConfigurationList = 9BE3CD7B19F357FA00207C72 /* Build configuration list for PBXProject "weixin" */;
			compatibilityVersion = "Xcode 3.2";
			developmentRegion = English;
			hasScannedForEncodings = 0;
			knownRegions = (
				en,
				Base,
			);
			mainGroup = 9BE3CD7719F357FA00207C72;
			productRefGroup = 9BE3CD8119F357FA00207C72 /* Products */;
			projectDirPath = "";
			projectRoot = "";
			targets = (
				9BE3CD7F19F357FA00207C72 /* weixin */,
				9BE3CD9719F357FA00207C72 /* weixinTests */,
			);
		};
/* End PBXProject section */

/* Begin PBXResourcesBuildPhase section */
		9BE3CD7E19F357FA00207C72 /* Resources */ = {
			isa = PBXResourcesBuildPhase;
			buildActionMask = 2147483647;
			files = (
				9BE3CD8E19F357FA00207C72 /* Main.storyboard in Resources */,
				9BE3CD9319F357FA00207C72 /* LaunchScreen.xib in Resources */,
				9BE3CD9019F357FA00207C72 /* Images.xcassets in Resources */,
			);
			runOnlyForDeploymentPostprocessing = 0;
		};
		9BE3CD9619F357FA00207C72 /* Resources */ = {
			isa = PBXResourcesBuildPhase;
			buildActionMask = 2147483647;
			files = (
			);
			runOnlyForDeploymentPostprocessing = 0;
		};
/* End PBXResourcesBuildPhase section */

/* Begin PBXSourcesBuildPhase section */
		9BE3CD7C19F357FA00207C72 /* Sources */ = {
			isa = PBXSourcesBuildPhase;
			buildActionMask = 2147483647;
			files = (
				9BE3CD8B19F357FA00207C72 /* ViewController.swift in Sources */,
				9BE3CD8619F357FA00207C72 /* AppDelegate.swift in Sources */,
				9BE3CD8919F357FA00207C72 /* weixin.xcdatamodeld in Sources */,
			);
			runOnlyForDeploymentPostprocessing = 0;
		};
		9BE3CD9419F357FA00207C72 /* Sources */ = {
			isa = PBXSourcesBuildPhase;
			buildActionMask = 2147483647;
			files = (
				9BE3CD9F19F357FA00207C72 /* weixinTests.swift in Sources */,
			);
			runOnlyForDeploymentPostprocessing = 0;
		};
/* End PBXSourcesBuildPhase section */

/* Begin PBXTargetDependency section */
		9BE3CD9A19F357FA00207C72 /* PBXTargetDependency */ = {
			isa = PBXTargetDependency;
			target = 9BE3CD7F19F357FA00207C72 /* weixin */;
			targetProxy = 9BE3CD9919F357FA00207C72 /* PBXContainerItemProxy */;
		};
/* End PBXTargetDependency section */

/* Begin PBXVariantGroup section */
		9BE3CD8C19F357FA00207C72 /* Main.storyboard */ = {
			isa = PBXVariantGroup;
			children = (
				9BE3CD8D19F357FA00207C72 /* Base */,
			);
			name = Main.storyboard;
			sourceTree = "<group>";
		};
		9BE3CD9119F357FA00207C72 /* LaunchScreen.xib */ = {
			isa = PBXVariantGroup;
			children = (
				9BE3CD9219F357FA00207C72 /* Base */,
			);
			name = LaunchScreen.xib;
			sourceTree = "<group>";
		};
/* End PBXVariantGroup section */

/* Begin XCBuildConfiguration section */
		9BE3CDA019F357FA00207C72 /* Debug */ = {
			isa = XCBuildConfiguration;
			buildSettings = {
				ALWAYS_SEARCH_USER_PATHS = NO;
				CLANG_CXX_LANGUAGE_STANDARD = "gnu++0x";
				CLANG_CXX_LIBRARY = "libc++";
				CLANG_ENABLE_MODULES = YES;
				CLANG_ENABLE_OBJC_ARC = YES;
				CLANG_WARN_BOOL_CONVERSION = YES;
				CLANG_WARN_CONSTANT_CONVERSION = YES;
				CLANG_WARN_DIRECT_OBJC_ISA_USAGE = YES_ERROR;
				CLANG_WARN_EMPTY_BODY = YES;
				CLANG_WARN_ENUM_CONVERSION = YES;
				CLANG_WARN_INT_CONVERSION = YES;
				CLANG_WARN_OBJC_ROOT_CLASS = YES_ERROR;
				CLANG_WARN_UNREACHABLE_CODE = YES;
				CLANG_WARN__DUPLICATE_METHOD_MATCH = YES;
				"CODE_SIGN_IDENTITY[sdk=iphoneos*]" = "iPhone Developer";
				COPY_PHASE_STRIP = NO;
				ENABLE_STRICT_OBJC_MSGSEND = YES;
				GCC_C_LANGUAGE_STANDARD = gnu99;
				GCC_DYNAMIC_NO_PIC = NO;
				GCC_OPTIMIZATION_LEVEL = 0;
				GCC_PREPROCESSOR_DEFINITIONS = (
					"DEBUG=1",
					"$(inherited)",
				);
				GCC_SYMBOLS_PRIVATE_EXTERN = NO;
				GCC_WARN_64_TO_32_BIT_CONVERSION = YES;
				GCC_WARN_ABOUT_RETURN_TYPE = YES_ERROR;
				GCC_WARN_UNDECLARED_SELECTOR = YES;
				GCC_WARN_UNINITIALIZED_AUTOS = YES_AGGRESSIVE;
				GCC_WARN_UNUSED_FUNCTION = YES;
				GCC_WARN_UNUSED_VARIABLE = YES;
				IPHONEOS_DEPLOYMENT_TARGET = 8.0;
				MTL_ENABLE_DEBUG_INFO = YES;
				ONLY_ACTIVE_ARCH = YES;
				SDKROOT = iphoneos;
				SWIFT_OPTIMIZATION_LEVEL = "-Onone";
			};
			name = Debug;
		};
		9BE3CDA119F357FA00207C72 /* Release */ = {
			isa = XCBuildConfiguration;
			buildSettings = {
				ALWAYS_SEARCH_USER_PATHS = NO;
				CLANG_CXX_LANGUAGE_STANDARD = "gnu++0x";
				CLANG_CXX_LIBRARY = "libc++";
				CLANG_ENABLE_MODULES = YES;
				CLANG_ENABLE_OBJC_ARC = YES;
				CLANG_WARN_BOOL_CONVERSION = YES;
				CLANG_WARN_CONSTANT_CONVERSION = YES;
				CLANG_WARN_DIRECT_OBJC_ISA_USAGE = YES_ERROR;
				CLANG_WARN_EMPTY_BODY = YES;
				CLANG_WARN_ENUM_CONVERSION = YES;
				CLANG_WARN_INT_CONVERSION = YES;
				CLANG_WARN_OBJC_ROOT_CLASS = YES_ERROR;
				CLANG_WARN_UNREACHABLE_CODE = YES;
				CLANG_WARN__DUPLICATE_METHOD_MATCH = YES;
				"CODE_SIGN_IDENTITY[sdk=iphoneos*]" = "iPhone Developer";
				COPY_PHASE_STRIP = YES;
				ENABLE_NS_ASSERTIONS = NO;
				ENABLE_STRICT_OBJC_MSGSEND = YES;
				GCC_C_LANGUAGE_STANDARD = gnu99;
				GCC_WARN_64_TO_32_BIT_CONVERSION = YES;
				GCC_WARN_ABOUT_RETURN_TYPE = YES_ERROR;
				GCC_WARN_UNDECLARED_SELECTOR = YES;
				GCC_WARN_UNINITIALIZED_AUTOS = YES_AGGRESSIVE;
				GCC_WARN_UNUSED_FUNCTION = YES;
				GCC_WARN_UNUSED_VARIABLE = YES;
				IPHONEOS_DEPLOYMENT_TARGET = 8.0;
				MTL_ENABLE_DEBUG_INFO = NO;
				SDKROOT = iphoneos;
				VALIDATE_PRODUCT = YES;
			};
			name = Release;
		};
		9BE3CDA319F357FA00207C72 /* Debug */ = {
			isa = XCBuildConfiguration;
			buildSettings = {
				ASSETCATALOG_COMPILER_APPICON_NAME = AppIcon;
				INFOPLIST_FILE = weixin/Info.plist;
				LD_RUNPATH_SEARCH_PATHS = "$(inherited) @executable_path/Frameworks";
				PRODUCT_NAME = "$(TARGET_NAME)";
			};
			name = Debug;
		};
		9BE3CDA419F357FA00207C72 /* Release */ = {
			isa = XCBuildConfiguration;
			buildSettings = {
				ASSETCATALOG_COMPILER_APPICON_NAME = AppIcon;
				INFOPLIST_FILE = weixin/Info.plist;
				LD_RUNPATH_SEARCH_PATHS = "$(inherited) @executable_path/Frameworks";
				PRODUCT_NAME = "$(TARGET_NAME)";
			};
			name = Release;
		};
		9BE3CDA619F357FA00207C72 /* Debug */ = {
			isa = XCBuildConfiguration;
			buildSettings = {
				BUNDLE_LOADER = "$(TEST_HOST)";
				FRAMEWORK_SEARCH_PATHS = (
					"$(SDKROOT)/Developer/Library/Frameworks",
					"$(inherited)",
				);
				GCC_PREPROCESSOR_DEFINITIONS = (
					"DEBUG=1",
					"$(inherited)",
				);
				INFOPLIST_FILE = weixinTests/Info.plist;
				LD_RUNPATH_SEARCH_PATHS = "$(inherited) @executable_path/Frameworks @loader_path/Frameworks";
				PRODUCT_NAME = "$(TARGET_NAME)";
				TEST_HOST = "$(BUILT_PRODUCTS_DIR)/weixin.app/weixin";
			};
			name = Debug;
		};
		9BE3CDA719F357FA00207C72 /* Release */ = {
			isa = XCBuildConfiguration;
			buildSettings = {
				BUNDLE_LOADER = "$(TEST_HOST)";
				FRAMEWORK_SEARCH_PATHS = (
					"$(SDKROOT)/Developer/Library/Frameworks",
					"$(inherited)",
				);
				INFOPLIST_FILE = weixinTests/Info.plist;
				LD_RUNPATH_SEARCH_PATHS = "$(inherited) @executable_path/Frameworks @loader_path/Frameworks";
				PRODUCT_NAME = "$(TARGET_NAME)";
				TEST_HOST = "$(BUILT_PRODUCTS_DIR)/weixin.app/weixin";
			};
			name = Release;
		};
/* End XCBuildConfiguration section */

/* Begin XCConfigurationList section */
		9BE3CD7B19F357FA00207C72 /* Build configuration list for PBXProject "weixin" */ = {
			isa = XCConfigurationList;
			buildConfigurations = (
				9BE3CDA019F357FA00207C72 /* Debug */,
				9BE3CDA119F357FA00207C72 /* Release */,
			);
			defaultConfigurationIsVisible = 0;
			defaultConfigurationName = Release;
		};
		9BE3CDA219F357FA00207C72 /* Build configuration list for PBXNativeTarget "weixin" */ = {
			isa = XCConfigurationList;
			buildConfigurations = (
				9BE3CDA319F357FA00207C72 /* Debug */,
				9BE3CDA419F357FA00207C72 /* Release */,
			);
			defaultConfigurationIsVisible = 0;
		};
		9BE3CDA519F357FA00207C72 /* Build configuration list for PBXNativeTarget "weixinTests" */ = {
			isa = XCConfigurationList;
			buildConfigurations = (
				9BE3CDA619F357FA00207C72 /* Debug */,
				9BE3CDA719F357FA00207C72 /* Release */,
			);
			defaultConfigurationIsVisible = 0;
		};
/* End XCConfigurationList section */

/* Begin XCVersionGroup section */
		9BE3CD8719F357FA00207C72 /* weixin.xcdatamodeld */ = {
			isa = XCVersionGroup;
			children = (
				9BE3CD8819F357FA00207C72 /* weixin.xcdatamodel */,
			);
			currentVersion = 9BE3CD8819F357FA00207C72 /* weixin.xcdatamodel */;
			path = weixin.xcdatamodeld;
			sourceTree = "<group>";
			versionGroupType = wrapper.xcdatamodel;
		};
/* End XCVersionGroup section */
	};
	rootObject = 9BE3CD7819F357FA00207C72 /* Project object */;
}
